
Microsoft Visual Studio Solution File, Format Version 12.00
# Visual Studio Version 16
VisualStudioVersion = 16.0.32106.194
MinimumVisualStudioVersion = 10.0.40219.1
Project("{FAE04EC0-301F-11D3-BF4B-00C04F79EFBC}") = "Tcp_Server", "Tcp_Server.csproj", "{4F166DD4-9F74-4658-8A8C-A0BEDC6A6D62}"
EndProject
Project("{FAE04EC0-301F-11D3-BF4B-00C04F79EFBC}") = "Tcp_Client", "..\Client\Tcp_Client.csproj", "{F0192342-637F-495E-940B-456A671D5BE3}"
EndProject
Global
	GlobalSection(SolutionConfigurationPlatforms) = preSolution
		Debug|Any CPU = Debug|Any CPU
		Release|Any CPU = Release|Any CPU
	EndGlobalSection
	GlobalSection(ProjectConfigurationPlatforms) = postSolution
		{4F166DD4-9F74-4658-8A8C-A0BEDC6A6D62}.Debug|Any CPU.ActiveCfg = Debug|Any CPU
		{4F166DD4-9F74-4658-8A8C-A0BEDC6A6D62}.Debug|Any CPU.Build.0 = Debug|Any CPU
		{4F166DD4-9F74-4658-8A8C-A0BEDC6A6D62}.Release|Any CPU.ActiveCfg = Release|Any CPU
		{4F166DD4-9F74-4658-8A8C-A0BEDC6A6D62}.Release|Any CPU.Build.0 = Release|Any CPU
		{F0192342-637F-495E-940B-456A671D5BE3}.Debug|Any CPU.ActiveCfg = Debug|Any CPU
		{F0192342-637F-495E-940B-456A671D5BE3}.Debug|Any CPU.Build.0 = Debug|Any CPU
		{F0192342-637F-495E-940B-456A671D5BE3}.Release|Any CPU.ActiveCfg = Release|Any CPU
		{F0192342-637F-495E-940B-456A671D5BE3}.Release|Any CPU.Build.0 = Release|Any CPU
	EndGlobalSection
	GlobalSection(SolutionProperties) = preSolution
		HideSolutionNode = FALSE
	EndGlobalSection
	GlobalSection(ExtensibilityGlobals) = postSolution
		SolutionGuid = {E1641537-77B9-4D55-95A8-6DEE7DC86F7B}
	EndGlobalSection
EndGlobal
